<?xml version="1.0" encoding="utf-8"?>
<Project ToolsVersion="4.0" xmlns="http://schemas.microsoft.com/developer/msbuild/2003">
  <ItemGroup>
    <Filter Include="Source Files">
      <UniqueIdentifier>{4FC737F1-C7A5-4376-A066-2A32D752A2FF}</UniqueIdentifier>
      <Extensions>cpp;c;cc;cxx;c++;cppm;ixx;def;odl;idl;hpj;bat;asm;asmx</Extensions>
    </Filter>
    <Filter Include="Header Files">
      <UniqueIdentifier>{93995380-89BD-4b04-88EB-625FBE52EBFB}</UniqueIdentifier>
      <Extensions>h;hh;hpp;hxx;h++;hm;inl;inc;ipp;xsd</Extensions>
    </Filter>
    <Filter Include="Resource Files">
      <UniqueIdentifier>{67DA6AB6-F800-4c08-8B7A-83BB121AAD01}</UniqueIdentifier>
      <Extensions>rc;ico;cur;bmp;dlg;rc2;rct;bin;rgs;gif;jpg;jpeg;jpe;resx;tiff;tif;png;wav;mfcribbon-ms</Extensions>
    </Filter>
  </ItemGroup>
  <ItemGroup>
    <ClCompile Include="dllmain.cpp">
      <Filter>Source Files</Filter>
    </ClCompile>
    <ClCompile Include="kiero\kiero.cpp">
      <Filter>Source Files</Filter>
    </ClCompile>
    <ClCompile Include="ImGui\imgui.cpp">
      <Filter>Source Files</Filter>
    </ClCompile>
    <ClCompile Include="ImGui\imgui_demo.cpp">
      <Filter>Source Files</Filter>
    </ClCompile>
    <ClCompile Include="ImGui\imgui_draw.cpp">
      <Filter>Source Files</Filter>
    </ClCompile>
    <ClCompile Include="ImGui\imgui_impl_dx11.cpp">
      <Filter>Source Files</Filter>
    </ClCompile>
    <ClCompile Include="ImGui\imgui_impl_win32.cpp">
      <Filter>Source Files</Filter>
    </ClCompile>
    <ClCompile Include="ImGui\imgui_tables.cpp">
      <Filter>Source Files</Filter>
    </ClCompile>
    <ClCompile Include="ImGui\imgui_widgets.cpp">
      <Filter>Source Files</Filter>
    </ClCompile>
    <ClCompile Include="IL2CppResolver\Cache.cpp">
      <Filter>Source Files</Filter>
    </ClCompile>
    <ClCompile Include="IL2CppResolver\Data.cpp">
      <Filter>Source Files</Filter>
    </ClCompile>
    <ClCompile Include="IL2CppResolver\Main.cpp">
      <Filter>Source Files</Filter>
    </ClCompile>
    <ClCompile Include="IL2CppResolver\Utils\Helper.cpp">
      <Filter>Source Files</Filter>
    </ClCompile>
    <ClCompile Include="IL2CppResolver\Unity\Obfuscators.cpp">
      <Filter>Source Files</Filter>
    </ClCompile>
    <ClCompile Include="IL2CppResolver\Unity\API\_TEMPLATE_API.cpp">
      <Filter>Source Files</Filter>
    </ClCompile>
    <ClCompile Include="IL2CppResolver\Unity\API\Camera.cpp">
      <Filter>Source Files</Filter>
    </ClCompile>
    <ClCompile Include="IL2CppResolver\Unity\API\Component.cpp">
      <Filter>Source Files</Filter>
    </ClCompile>
    <ClCompile Include="IL2CppResolver\Unity\API\GameObject.cpp">
      <Filter>Source Files</Filter>
    </ClCompile>
    <ClCompile Include="IL2CppResolver\Unity\API\LayerMask.cpp">
      <Filter>Source Files</Filter>
    </ClCompile>
    <ClCompile Include="IL2CppResolver\Unity\API\Object.cpp">
      <Filter>Source Files</Filter>
    </ClCompile>
    <ClCompile Include="IL2CppResolver\Unity\API\Rigidbody.cpp">
      <Filter>Source Files</Filter>
    </ClCompile>
    <ClCompile Include="IL2CppResolver\Unity\API\Transform.cpp">
      <Filter>Source Files</Filter>
    </ClCompile>
    <ClCompile Include="IL2CppResolver\Functions\Callback.cpp">
      <Filter>Source Files</Filter>
    </ClCompile>
    <ClCompile Include="IL2CppResolver\Functions\Class.cpp">
      <Filter>Source Files</Filter>
    </ClCompile>
    <ClCompile Include="IL2CppResolver\Functions\String.cpp">
      <Filter>Source Files</Filter>
    </ClCompile>
    <ClCompile Include="IL2CppResolver\Functions\Thread.cpp">
      <Filter>Source Files</Filter>
    </ClCompile>
  </ItemGroup>
  <ItemGroup>
    <ClInclude Include="kiero\kiero.h">
      <Filter>Header Files</Filter>
    </ClInclude>
    <ClInclude Include="ImGui\imconfig.h">
      <Filter>Header Files</Filter>
    </ClInclude>
    <ClInclude Include="ImGui\imgui.h">
      <Filter>Header Files</Filter>
    </ClInclude>
    <ClInclude Include="ImGui\imgui_impl_dx11.h">
      <Filter>Header Files</Filter>
    </ClInclude>
    <ClInclude Include="ImGui\imgui_impl_win32.h">
      <Filter>Header Files</Filter>
    </ClInclude>
    <ClInclude Include="ImGui\imgui_internal.h">
      <Filter>Header Files</Filter>
    </ClInclude>
    <ClInclude Include="ImGui\imstb_rectpack.h">
      <Filter>Header Files</Filter>
    </ClInclude>
    <ClInclude Include="ImGui\imstb_textedit.h">
      <Filter>Header Files</Filter>
    </ClInclude>
    <ClInclude Include="ImGui\imstb_truetype.h">
      <Filter>Header Files</Filter>
    </ClInclude>
    <ClInclude Include="IL2CppResolver\Cache.hpp">
      <Filter>Header Files</Filter>
    </ClInclude>
    <ClInclude Include="IL2CppResolver\Data.hpp">
      <Filter>Header Files</Filter>
    </ClInclude>
    <ClInclude Include="IL2CppResolver\Defines.hpp">
      <Filter>Header Files</Filter>
    </ClInclude>
    <ClInclude Include="IL2CppResolver\Includes.hpp">
      <Filter>Header Files</Filter>
    </ClInclude>
    <ClInclude Include="IL2CppResolver\Main.hpp">
      <Filter>Header Files</Filter>
    </ClInclude>
    <ClInclude Include="IL2CppResolver\Utils\Helper.hpp">
      <Filter>Header Files</Filter>
    </ClInclude>
    <ClInclude Include="IL2CppResolver\Utils\Joaat.hpp">
      <Filter>Header Files</Filter>
    </ClInclude>
    <ClInclude Include="IL2CppResolver\Utils\VFunc.hpp">
      <Filter>Header Files</Filter>
    </ClInclude>
    <ClInclude Include="IL2CppResolver\Unity\Defines.hpp">
      <Filter>Header Files</Filter>
    </ClInclude>
    <ClInclude Include="IL2CppResolver\Unity\Includes.hpp">
      <Filter>Header Files</Filter>
    </ClInclude>
    <ClInclude Include="IL2CppResolver\Unity\Obfuscators.hpp">
      <Filter>Header Files</Filter>
    </ClInclude>
    <ClInclude Include="IL2CppResolver\Unity\Structures\Engine.hpp">
      <Filter>Header Files</Filter>
    </ClInclude>
    <ClInclude Include="IL2CppResolver\Unity\Structures\il2cpp.hpp">
      <Filter>Header Files</Filter>
    </ClInclude>
    <ClInclude Include="IL2CppResolver\Unity\Structures\il2cppArray.hpp">
      <Filter>Header Files</Filter>
    </ClInclude>
    <ClInclude Include="IL2CppResolver\Unity\Structures\il2cppDictionary.hpp">
      <Filter>Header Files</Filter>
    </ClInclude>
    <ClInclude Include="IL2CppResolver\Unity\Structures\Includes.hpp">
      <Filter>Header Files</Filter>
    </ClInclude>
    <ClInclude Include="IL2CppResolver\Unity\Structures\System_String.hpp">
      <Filter>Header Files</Filter>
    </ClInclude>
    <ClInclude Include="IL2CppResolver\Unity\API\_TEMPLATE_API.hpp">
      <Filter>Header Files</Filter>
    </ClInclude>
    <ClInclude Include="IL2CppResolver\Unity\API\Camera.hpp">
      <Filter>Header Files</Filter>
    </ClInclude>
    <ClInclude Include="IL2CppResolver\Unity\API\Component.hpp">
      <Filter>Header Files</Filter>
    </ClInclude>
    <ClInclude Include="IL2CppResolver\Unity\API\GameObject.hpp">
      <Filter>Header Files</Filter>
    </ClInclude>
    <ClInclude Include="IL2CppResolver\Unity\API\LayerMask.hpp">
      <Filter>Header Files</Filter>
    </ClInclude>
    <ClInclude Include="IL2CppResolver\Unity\API\Object.hpp">
      <Filter>Header Files</Filter>
    </ClInclude>
    <ClInclude Include="IL2CppResolver\Unity\API\Rigidbody.hpp">
      <Filter>Header Files</Filter>
    </ClInclude>
    <ClInclude Include="IL2CppResolver\Unity\API\Transform.hpp">
      <Filter>Header Files</Filter>
    </ClInclude>
    <ClInclude Include="IL2CppResolver\Functions\Callback.hpp">
      <Filter>Header Files</Filter>
    </ClInclude>
    <ClInclude Include="IL2CppResolver\Functions\Class.hpp">
      <Filter>Header Files</Filter>
    </ClInclude>
    <ClInclude Include="IL2CppResolver\Functions\Domain.hpp">
      <Filter>Header Files</Filter>
    </ClInclude>
    <ClInclude Include="IL2CppResolver\Functions\ResolveCall.hpp">
      <Filter>Header Files</Filter>
    </ClInclude>
    <ClInclude Include="IL2CppResolver\Functions\String.hpp">
      <Filter>Header Files</Filter>
    </ClInclude>
    <ClInclude Include="IL2CppResolver\Functions\Thread.hpp">
      <Filter>Header Files</Filter>
    </ClInclude>
    <ClInclude Include="Devour\IL2CPP_Misc\Player\DevourPlayer.hpp">
      <Filter>Header Files</Filter>
    </ClInclude>
    <ClInclude Include="Devour\htchand_font.hpp">
      <Filter>Header Files</Filter>
    </ClInclude>
    <ClInclude Include="Devour\il2cpp_devourhack.hpp">
      <Filter>Header Files</Filter>
    </ClInclude>
    <ClInclude Include="Devour\IL2CPP_MinhookCheat.h">
      <Filter>Header Files</Filter>
    </ClInclude>
    <ClInclude Include="Devour\Includes.h">
      <Filter>Header Files</Filter>
    </ClInclude>
  </ItemGroup>
</Project>